
Microsoft Visual Studio Solution File, Format Version 12.00
# Visual Studio Version 17
VisualStudioVersion = 17.0.31912.275
MinimumVisualStudioVersion = 10.0.40219.1
Project("{FAE04EC0-301F-11D3-BF4B-00C04F79EFBC}") = "Give AID", "Give AID\Give AID.csproj", "{F139132F-DFE9-4A79-9E65-E55CFCF5CFB1}"
EndProject
Global
	GlobalSection(SolutionConfigurationPlatforms) = preSolution
		Debug|Any CPU = Debug|Any CPU
		Release|Any CPU = Release|Any CPU
	EndGlobalSection
	GlobalSection(ProjectConfigurationPlatforms) = postSolution
		{F139132F-DFE9-4A79-9E65-E55CFCF5CFB1}.Debug|Any CPU.ActiveCfg = Debug|Any CPU
		{F139132F-DFE9-4A79-9E65-E55CFCF5CFB1}.Debug|Any CPU.Build.0 = Debug|Any CPU
		{F139132F-DFE9-4A79-9E65-E55CFCF5CFB1}.Release|Any CPU.ActiveCfg = Release|Any CPU
		{F139132F-DFE9-4A79-9E65-E55CFCF5CFB1}.Release|Any CPU.Build.0 = Release|Any CPU
	EndGlobalSection
	GlobalSection(SolutionProperties) = preSolution
		HideSolutionNode = FALSE
	EndGlobalSection
	GlobalSection(ExtensibilityGlobals) = postSolution
		SolutionGuid = {4A4CB065-C71E-4F6F-AC24-9CBF785ECD73}
	EndGlobalSection
EndGlobal
